
Microsoft Visual Studio Solution File, Format Version 12.00
# Visual Studio Version 17
VisualStudioVersion = 17.9.34728.123
MinimumVisualStudioVersion = 10.0.40219.1
Project("{FAE04EC0-301F-11D3-BF4B-00C04F79EFBC}") = "MMicrosoftRewards", "MMicrosoftRewards\MMicrosoftRewards.csproj", "{BB38C205-ECE0-4F4D-B924-3C78AC1776A0}"
EndProject
Global
	GlobalSection(SolutionConfigurationPlatforms) = preSolution
		Debug|Any CPU = Debug|Any CPU
		Release|Any CPU = Release|Any CPU
	EndGlobalSection
	GlobalSection(ProjectConfigurationPlatforms) = postSolution
		{BB38C205-ECE0-4F4D-B924-3C78AC1776A0}.Debug|Any CPU.ActiveCfg = Debug|Any CPU
		{BB38C205-ECE0-4F4D-B924-3C78AC1776A0}.Debug|Any CPU.Build.0 = Debug|Any CPU
		{BB38C205-ECE0-4F4D-B924-3C78AC1776A0}.Release|Any CPU.ActiveCfg = Release|Any CPU
		{BB38C205-ECE0-4F4D-B924-3C78AC1776A0}.Release|Any CPU.Build.0 = Release|Any CPU
	EndGlobalSection
	GlobalSection(SolutionProperties) = preSolution
		HideSolutionNode = FALSE
	EndGlobalSection
	GlobalSection(ExtensibilityGlobals) = postSolution
		SolutionGuid = {6DA7B557-B531-4C28-B27A-293EF356AA3F}
	EndGlobalSection
EndGlobal
